
Microsoft Visual Studio Solution File, Format Version 12.00
# Visual Studio Version 17
VisualStudioVersion = 17.11.35327.3
MinimumVisualStudioVersion = 10.0.40219.1
Project("{FAE04EC0-301F-11D3-BF4B-00C04F79EFBC}") = "ExceptionHandling", "ExceptionHandling\ExceptionHandling.csproj", "{2241AA70-3E29-4816-8B91-A56A4F583D1F}"
EndProject
Project("{FAE04EC0-301F-11D3-BF4B-00C04F79EFBC}") = "DividebyZeroExceptionHandling", "DividebyZeroExceptionHandling\DividebyZeroExceptionHandling.csproj", "{6FAF7E87-31BE-4F77-8207-4BCF7285A435}"
EndProject
Project("{FAE04EC0-301F-11D3-BF4B-00C04F79EFBC}") = "NullReferenceExceptionHandling", "NullReferenceException\NullReferenceExceptionHandling.csproj", "{069409B4-1879-4B17-8474-F107C70871A4}"
EndProject
Project("{FAE04EC0-301F-11D3-BF4B-00C04F79EFBC}") = "IndexOutofRangeExceptionHandling", "IndexOutofRangeExceptionHandling\IndexOutofRangeExceptionHandling.csproj", "{E1702D5B-2C5B-463B-8F65-C9A6422A739B}"
EndProject
Project("{FAE04EC0-301F-11D3-BF4B-00C04F79EFBC}") = "FileNotFoundExcep", "FileNotFoundExcep\FileNotFoundExcep.csproj", "{3B4DD589-0283-407D-9EBC-F8FCE1FAAA97}"
EndProject
Global
	GlobalSection(SolutionConfigurationPlatforms) = preSolution
		Debug|Any CPU = Debug|Any CPU
		Release|Any CPU = Release|Any CPU
	EndGlobalSection
	GlobalSection(ProjectConfigurationPlatforms) = postSolution
		{2241AA70-3E29-4816-8B91-A56A4F583D1F}.Debug|Any CPU.ActiveCfg = Debug|Any CPU
		{2241AA70-3E29-4816-8B91-A56A4F583D1F}.Debug|Any CPU.Build.0 = Debug|Any CPU
		{2241AA70-3E29-4816-8B91-A56A4F583D1F}.Release|Any CPU.ActiveCfg = Release|Any CPU
		{2241AA70-3E29-4816-8B91-A56A4F583D1F}.Release|Any CPU.Build.0 = Release|Any CPU
		{6FAF7E87-31BE-4F77-8207-4BCF7285A435}.Debug|Any CPU.ActiveCfg = Debug|Any CPU
		{6FAF7E87-31BE-4F77-8207-4BCF7285A435}.Debug|Any CPU.Build.0 = Debug|Any CPU
		{6FAF7E87-31BE-4F77-8207-4BCF7285A435}.Release|Any CPU.ActiveCfg = Release|Any CPU
		{6FAF7E87-31BE-4F77-8207-4BCF7285A435}.Release|Any CPU.Build.0 = Release|Any CPU
		{069409B4-1879-4B17-8474-F107C70871A4}.Debug|Any CPU.ActiveCfg = Debug|Any CPU
		{069409B4-1879-4B17-8474-F107C70871A4}.Debug|Any CPU.Build.0 = Debug|Any CPU
		{069409B4-1879-4B17-8474-F107C70871A4}.Release|Any CPU.ActiveCfg = Release|Any CPU
		{069409B4-1879-4B17-8474-F107C70871A4}.Release|Any CPU.Build.0 = Release|Any CPU
		{E1702D5B-2C5B-463B-8F65-C9A6422A739B}.Debug|Any CPU.ActiveCfg = Debug|Any CPU
		{E1702D5B-2C5B-463B-8F65-C9A6422A739B}.Debug|Any CPU.Build.0 = Debug|Any CPU
		{E1702D5B-2C5B-463B-8F65-C9A6422A739B}.Release|Any CPU.ActiveCfg = Release|Any CPU
		{E1702D5B-2C5B-463B-8F65-C9A6422A739B}.Release|Any CPU.Build.0 = Release|Any CPU
		{3B4DD589-0283-407D-9EBC-F8FCE1FAAA97}.Debug|Any CPU.ActiveCfg = Debug|Any CPU
		{3B4DD589-0283-407D-9EBC-F8FCE1FAAA97}.Debug|Any CPU.Build.0 = Debug|Any CPU
		{3B4DD589-0283-407D-9EBC-F8FCE1FAAA97}.Release|Any CPU.ActiveCfg = Release|Any CPU
		{3B4DD589-0283-407D-9EBC-F8FCE1FAAA97}.Release|Any CPU.Build.0 = Release|Any CPU
	EndGlobalSection
	GlobalSection(SolutionProperties) = preSolution
		HideSolutionNode = FALSE
	EndGlobalSection
	GlobalSection(ExtensibilityGlobals) = postSolution
		SolutionGuid = {F77D23B9-AAB2-44EA-83F8-809F4E0945AA}
	EndGlobalSection
EndGlobal
